
Microsoft Visual Studio Solution File, Format Version 12.00
# Visual Studio Version 17
VisualStudioVersion = 17.2.32526.322
MinimumVisualStudioVersion = 10.0.40219.1
Project("{FAE04EC0-301F-11D3-BF4B-00C04F79EFBC}") = "DatingApp", "DatingApp\DatingApp.csproj", "{127EC1A2-269A-42E4-9E9E-F1AE58C38213}"
EndProject
Global
	GlobalSection(SolutionConfigurationPlatforms) = preSolution
		Debug|Any CPU = Debug|Any CPU
		Release|Any CPU = Release|Any CPU
	EndGlobalSection
	GlobalSection(ProjectConfigurationPlatforms) = postSolution
		{127EC1A2-269A-42E4-9E9E-F1AE58C38213}.Debug|Any CPU.ActiveCfg = Debug|Any CPU
		{127EC1A2-269A-42E4-9E9E-F1AE58C38213}.Debug|Any CPU.Build.0 = Debug|Any CPU
		{127EC1A2-269A-42E4-9E9E-F1AE58C38213}.Release|Any CPU.ActiveCfg = Release|Any CPU
		{127EC1A2-269A-42E4-9E9E-F1AE58C38213}.Release|Any CPU.Build.0 = Release|Any CPU
	EndGlobalSection
	GlobalSection(SolutionProperties) = preSolution
		HideSolutionNode = FALSE
	EndGlobalSection
	GlobalSection(ExtensibilityGlobals) = postSolution
		SolutionGuid = {52E5CBA7-169D-4DED-A4B6-C43B974B49AF}
	EndGlobalSection
EndGlobal
